<?xml version="1.0" encoding="utf-8"?>
<Project ToolsVersion="4.0" xmlns="http://schemas.microsoft.com/developer/msbuild/2003">
  <ItemGroup>
    <ClCompile Include="Main.cpp" />
    <ClCompile Include="OpenCLpreparation.cpp" />
    <ClCompile Include="AddTwoVector.cpp">
      <Filter>AddTwoVector</Filter>
    </ClCompile>
    <ClCompile Include="AddTwoVector_OCL.cpp">
      <Filter>AddTwoVector</Filter>
    </ClCompile>
    <ClCompile Include="TaskSize.cpp" />
    <ClCompile Include="TaskSize_OCL.cpp" />
  </ItemGroup>
  <ItemGroup>
    <ClInclude Include="OpenCLpreparation.h" />
    <ClInclude Include="AddTwoVector.h">
      <Filter>AddTwoVector</Filter>
    </ClInclude>
    <ClInclude Include="AddTwoVector_OCL.h">
      <Filter>AddTwoVector</Filter>
    </ClInclude>
    <ClInclude Include="TaskSize.h" />
    <ClInclude Include="TaskSize_OCL.h" />
  </ItemGroup>
  <ItemGroup>
    <Filter Include="AddTwoVector">
      <UniqueIdentifier>{56a6f2e8-54a8-4e03-848a-7e38a583fa12}</UniqueIdentifier>
    </Filter>
  </ItemGroup>
</Project>