<?xml version="1.0" encoding="utf-8"?>
<Project ToolsVersion="4.0" xmlns="http://schemas.microsoft.com/developer/msbuild/2003">
  <ItemGroup>
    <ClCompile Include="Main.cpp" />
    <ClCompile Include="OCLib.cpp" />
    <ClCompile Include="..\src\LBMdata\LBMdata.cpp">
      <Filter>LBMdata</Filter>
    </ClCompile>
    <ClCompile Include="..\src\ScientificComput.cpp">
      <Filter>ScientificComput</Filter>
    </ClCompile>
    <ClCompile Include="..\src\ScientificComput_OCL.cpp">
      <Filter>ScientificComput</Filter>
    </ClCompile>
    <ClCompile Include="..\src\LBMdata\LBMdata_OCL.cpp">
      <Filter>LBMdata</Filter>
    </ClCompile>
  </ItemGroup>
  <ItemGroup>
    <ClInclude Include="OCLib.h" />
    <ClInclude Include="..\src\LBMdata\LBMdata.h">
      <Filter>LBMdata</Filter>
    </ClInclude>
    <ClInclude Include="..\src\ScientificComput.h">
      <Filter>ScientificComput</Filter>
    </ClInclude>
    <ClInclude Include="..\src\ScientificComput_OCL.h">
      <Filter>ScientificComput</Filter>
    </ClInclude>
    <ClInclude Include="..\src\LBMdata\LBMdata_OCL.h">
      <Filter>LBMdata</Filter>
    </ClInclude>
  </ItemGroup>
  <ItemGroup>
    <Filter Include="LBMdata">
      <UniqueIdentifier>{addcdf1a-de18-4091-a5fe-48f03dba8084}</UniqueIdentifier>
    </Filter>
    <Filter Include="ScientificComput">
      <UniqueIdentifier>{e1546bb1-1b77-4237-b4b3-85eee2ce3ece}</UniqueIdentifier>
    </Filter>
  </ItemGroup>
</Project>